
Microsoft Visual Studio Solution File, Format Version 12.00
# Visual Studio Version 16
VisualStudioVersion = 16.0.30002.166
MinimumVisualStudioVersion = 10.0.40219.1
Project("{2150E333-8FDC-42A3-9474-1A3956D46DE8}") = "src", "src", "{658505B2-CEA7-44BC-8A41-21EC544CB2B6}"
EndProject
Project("{FAE04EC0-301F-11D3-BF4B-00C04F79EFBC}") = "Wiz.Multitenant.Core", ".\src\Wiz.Multitenant.Core\Wiz.Multitenant.Core.csproj", "{B2550E94-D91C-4869-BC38-94E99BA4814B}"
EndProject
Global
	GlobalSection(SolutionConfigurationPlatforms) = preSolution
		Debug|Any CPU = Debug|Any CPU
		Release|Any CPU = Release|Any CPU
	EndGlobalSection
	GlobalSection(ProjectConfigurationPlatforms) = postSolution
		{B2550E94-D91C-4869-BC38-94E99BA4814B}.Debug|Any CPU.ActiveCfg = Debug|Any CPU
		{B2550E94-D91C-4869-BC38-94E99BA4814B}.Debug|Any CPU.Build.0 = Debug|Any CPU
		{B2550E94-D91C-4869-BC38-94E99BA4814B}.Release|Any CPU.ActiveCfg = Release|Any CPU
		{B2550E94-D91C-4869-BC38-94E99BA4814B}.Release|Any CPU.Build.0 = Release|Any CPU
	EndGlobalSection
	GlobalSection(SolutionProperties) = preSolution
		HideSolutionNode = FALSE
	EndGlobalSection
	GlobalSection(NestedProjects) = preSolution
		{B2550E94-D91C-4869-BC38-94E99BA4814B} = {658505B2-CEA7-44BC-8A41-21EC544CB2B6}
	EndGlobalSection
	GlobalSection(ExtensibilityGlobals) = postSolution
		SolutionGuid = {95CCE3A6-915D-4A86-AF63-EF43E517EB46}
	EndGlobalSection
EndGlobal
